<?xml version="1.0" encoding="utf-8"?>
<Project ToolsVersion="4.0" xmlns="http://schemas.microsoft.com/developer/msbuild/2003">
  <ItemGroup>
    <Filter Include="Source Files">
      <UniqueIdentifier>{4FC737F1-C7A5-4376-A066-2A32D752A2FF}</UniqueIdentifier>
      <Extensions>cpp;c;cc;cxx;def;odl;idl;hpj;bat;asm;asmx</Extensions>
    </Filter>
    <Filter Include="Header Files">
      <UniqueIdentifier>{93995380-89BD-4b04-88EB-625FBE52EBFB}</UniqueIdentifier>
      <Extensions>h;hh;hpp;hxx;hm;inl;inc;xsd</Extensions>
    </Filter>
    <Filter Include="Resource Files">
      <UniqueIdentifier>{67DA6AB6-F800-4c08-8B7A-83BB121AAD01}</UniqueIdentifier>
      <Extensions>rc;ico;cur;bmp;dlg;rc2;rct;bin;rgs;gif;jpg;jpeg;jpe;resx;tiff;tif;png;wav;mfcribbon-ms</Extensions>
    </Filter>
    <Filter Include="Sound">
      <UniqueIdentifier>{284551ed-719d-4b97-a8c5-d7baf5afc9b3}</UniqueIdentifier>
    </Filter>
    <Filter Include="Camera">
      <UniqueIdentifier>{b1dd2e5f-583b-4756-a42d-413157904656}</UniqueIdentifier>
    </Filter>
    <Filter Include="Game">
      <UniqueIdentifier>{a0f489dc-bc71-453b-bb3f-d81979dfb331}</UniqueIdentifier>
    </Filter>
    <Filter Include="Winmain">
      <UniqueIdentifier>{5f9698ef-a3a4-4280-982b-339058b4c5e5}</UniqueIdentifier>
    </Filter>
    <Filter Include="Sprite">
      <UniqueIdentifier>{605bdc0f-4f0e-4acb-aafa-5ceac719f6d0}</UniqueIdentifier>
    </Filter>
    <Filter Include="Global">
      <UniqueIdentifier>{fe843217-849e-41e8-93be-7de1ba07ab04}</UniqueIdentifier>
    </Filter>
    <Filter Include="Graphic">
      <UniqueIdentifier>{f6111ab6-9a7e-4450-b8a7-042d6ef0b647}</UniqueIdentifier>
    </Filter>
    <Filter Include="InputKeyBoard">
      <UniqueIdentifier>{852a03e9-d20b-450e-b58f-b5686c3192f0}</UniqueIdentifier>
    </Filter>
    <Filter Include="Texture">
      <UniqueIdentifier>{7f3f4f17-677b-4c9e-8217-4413014ce69d}</UniqueIdentifier>
    </Filter>
    <Filter Include="Device">
      <UniqueIdentifier>{8671e8dd-ae0f-4bd7-adf7-84f9028bde54}</UniqueIdentifier>
    </Filter>
    <Filter Include="TileMap">
      <UniqueIdentifier>{e370a543-d96f-4244-9fe3-37f19a9515ab}</UniqueIdentifier>
    </Filter>
    <Filter Include="Scene">
      <UniqueIdentifier>{d400684e-74fc-4c70-9495-f85e90ef1f2b}</UniqueIdentifier>
    </Filter>
  </ItemGroup>
  <ItemGroup>
    <ClCompile Include="dsutil.cpp">
      <Filter>Sound</Filter>
    </ClCompile>
    <ClCompile Include="GAudio.cpp">
      <Filter>Sound</Filter>
    </ClCompile>
    <ClCompile Include="Global.cpp">
      <Filter>Global</Filter>
    </ClCompile>
    <ClCompile Include="WinMain.cpp">
      <Filter>Winmain</Filter>
    </ClCompile>
    <ClCompile Include="DGraphic.cpp">
      <Filter>Graphic</Filter>
    </ClCompile>
    <ClCompile Include="Game.cpp">
      <Filter>Game</Filter>
    </ClCompile>
    <ClCompile Include="Input.cpp">
      <Filter>InputKeyBoard</Filter>
    </ClCompile>
    <ClCompile Include="ViewPort.cpp">
      <Filter>Texture</Filter>
    </ClCompile>
    <ClCompile Include="Sprite.cpp">
      <Filter>Sprite</Filter>
    </ClCompile>
    <ClCompile Include="Texture.cpp">
      <Filter>Texture</Filter>
    </ClCompile>
    <ClCompile Include="Device.cpp">
      <Filter>Device</Filter>
    </ClCompile>
    <ClCompile Include="Tile.cpp">
      <Filter>TileMap</Filter>
    </ClCompile>
    <ClCompile Include="TileSet.cpp">
      <Filter>TileMap</Filter>
    </ClCompile>
    <ClCompile Include="SpriteManager.cpp">
      <Filter>Sprite</Filter>
    </ClCompile>
    <ClCompile Include="Map.cpp">
      <Filter>TileMap</Filter>
    </ClCompile>
    <ClCompile Include="utils.cpp">
      <Filter>Global</Filter>
    </ClCompile>
    <ClCompile Include="Scene.cpp">
      <Filter>Scene</Filter>
    </ClCompile>
    <ClCompile Include="Stage3.cpp">
      <Filter>Scene</Filter>
    </ClCompile>
    <ClCompile Include="Simon.cpp">
      <Filter>Sprite</Filter>
    </ClCompile>
    <ClCompile Include="Timer.cpp">
      <Filter>Header Files</Filter>
    </ClCompile>
    <ClCompile Include="TileScreen.cpp">
      <Filter>Scene</Filter>
    </ClCompile>
    <ClCompile Include="UI.cpp">
      <Filter>Sprite</Filter>
    </ClCompile>
  </ItemGroup>
  <ItemGroup>
    <ClInclude Include="dsutil.h">
      <Filter>Sound</Filter>
    </ClInclude>
    <ClInclude Include="dxutil.h">
      <Filter>Sound</Filter>
    </ClInclude>
    <ClInclude Include="GAudio.h">
      <Filter>Sound</Filter>
    </ClInclude>
    <ClInclude Include="Global.h">
      <Filter>Global</Filter>
    </ClInclude>
    <ClInclude Include="DGraphic.h">
      <Filter>Graphic</Filter>
    </ClInclude>
    <ClInclude Include="Game.h">
      <Filter>Game</Filter>
    </ClInclude>
    <ClInclude Include="Input.h">
      <Filter>InputKeyBoard</Filter>
    </ClInclude>
    <ClInclude Include="Texture.h">
      <Filter>Texture</Filter>
    </ClInclude>
    <ClInclude Include="ViewPort.h">
      <Filter>Texture</Filter>
    </ClInclude>
    <ClInclude Include="Sprite.h">
      <Filter>Sprite</Filter>
    </ClInclude>
    <ClInclude Include="Device.h">
      <Filter>Device</Filter>
    </ClInclude>
    <ClInclude Include="Tile.h">
      <Filter>TileMap</Filter>
    </ClInclude>
    <ClInclude Include="Map.h">
      <Filter>TileMap</Filter>
    </ClInclude>
    <ClInclude Include="TileSet.h">
      <Filter>TileMap</Filter>
    </ClInclude>
    <ClInclude Include="SpriteManager.h">
      <Filter>Sprite</Filter>
    </ClInclude>
    <ClInclude Include="utils.h">
      <Filter>Global</Filter>
    </ClInclude>
    <ClInclude Include="Scene.h">
      <Filter>Scene</Filter>
    </ClInclude>
    <ClInclude Include="Stage3.h">
      <Filter>Scene</Filter>
    </ClInclude>
    <ClInclude Include="Simon.h">
      <Filter>Sprite</Filter>
    </ClInclude>
    <ClInclude Include="Animation.h">
      <Filter>Header Files</Filter>
    </ClInclude>
    <ClInclude Include="Timer.h">
      <Filter>Header Files</Filter>
    </ClInclude>
    <ClInclude Include="TileScreen.h">
      <Filter>Scene</Filter>
    </ClInclude>
    <ClInclude Include="UI.h">
      <Filter>Sprite</Filter>
    </ClInclude>
  </ItemGroup>
  <ItemGroup>
    <Image Include="..\..\sprites\Simon dep trai\2.png">
      <Filter>Resource Files</Filter>
    </Image>
    <Image Include="..\..\sprites\Simon dep trai\0.png">
      <Filter>Resource Files</Filter>
    </Image>
    <Image Include="..\..\sprites\Simon dep trai\1.png">
      <Filter>Resource Files</Filter>
    </Image>
  </ItemGroup>
</Project>